
Microsoft Visual Studio Solution File, Format Version 12.00
# Visual Studio Version 17
VisualStudioVersion = 17.6.33815.320
MinimumVisualStudioVersion = 10.0.40219.1
Project("{FAE04EC0-301F-11D3-BF4B-00C04F79EFBC}") = "Order.API", "Order.API\Order.API.csproj", "{1B18B1DB-5A87-4354-BD67-305B7E2A7F42}"
EndProject
Project("{FAE04EC0-301F-11D3-BF4B-00C04F79EFBC}") = "Payment.API", "Payment.API\Payment.API.csproj", "{A3A544C6-403A-4878-874E-5D1A9EA5E28E}"
EndProject
Project("{FAE04EC0-301F-11D3-BF4B-00C04F79EFBC}") = "Stock.API", "Stock.API\Stock.API.csproj", "{C608308A-C796-4A12-A588-403A999424C8}"
EndProject
Project("{FAE04EC0-301F-11D3-BF4B-00C04F79EFBC}") = "Shared", "Shared\Shared.csproj", "{FCF3397C-DFAD-443A-8723-E0F904E276AD}"
EndProject
Project("{FAE04EC0-301F-11D3-BF4B-00C04F79EFBC}") = "SagaStateMachine.Service", "SagaStateMachine.Service\SagaStateMachine.Service.csproj", "{7D3681EF-02BA-4F1E-908B-3243983085DE}"
EndProject
Global
	GlobalSection(SolutionConfigurationPlatforms) = preSolution
		Debug|Any CPU = Debug|Any CPU
		Release|Any CPU = Release|Any CPU
	EndGlobalSection
	GlobalSection(ProjectConfigurationPlatforms) = postSolution
		{1B18B1DB-5A87-4354-BD67-305B7E2A7F42}.Debug|Any CPU.ActiveCfg = Debug|Any CPU
		{1B18B1DB-5A87-4354-BD67-305B7E2A7F42}.Debug|Any CPU.Build.0 = Debug|Any CPU
		{1B18B1DB-5A87-4354-BD67-305B7E2A7F42}.Release|Any CPU.ActiveCfg = Release|Any CPU
		{1B18B1DB-5A87-4354-BD67-305B7E2A7F42}.Release|Any CPU.Build.0 = Release|Any CPU
		{A3A544C6-403A-4878-874E-5D1A9EA5E28E}.Debug|Any CPU.ActiveCfg = Debug|Any CPU
		{A3A544C6-403A-4878-874E-5D1A9EA5E28E}.Debug|Any CPU.Build.0 = Debug|Any CPU
		{A3A544C6-403A-4878-874E-5D1A9EA5E28E}.Release|Any CPU.ActiveCfg = Release|Any CPU
		{A3A544C6-403A-4878-874E-5D1A9EA5E28E}.Release|Any CPU.Build.0 = Release|Any CPU
		{C608308A-C796-4A12-A588-403A999424C8}.Debug|Any CPU.ActiveCfg = Debug|Any CPU
		{C608308A-C796-4A12-A588-403A999424C8}.Debug|Any CPU.Build.0 = Debug|Any CPU
		{C608308A-C796-4A12-A588-403A999424C8}.Release|Any CPU.ActiveCfg = Release|Any CPU
		{C608308A-C796-4A12-A588-403A999424C8}.Release|Any CPU.Build.0 = Release|Any CPU
		{FCF3397C-DFAD-443A-8723-E0F904E276AD}.Debug|Any CPU.ActiveCfg = Debug|Any CPU
		{FCF3397C-DFAD-443A-8723-E0F904E276AD}.Debug|Any CPU.Build.0 = Debug|Any CPU
		{FCF3397C-DFAD-443A-8723-E0F904E276AD}.Release|Any CPU.ActiveCfg = Release|Any CPU
		{FCF3397C-DFAD-443A-8723-E0F904E276AD}.Release|Any CPU.Build.0 = Release|Any CPU
		{7D3681EF-02BA-4F1E-908B-3243983085DE}.Debug|Any CPU.ActiveCfg = Debug|Any CPU
		{7D3681EF-02BA-4F1E-908B-3243983085DE}.Debug|Any CPU.Build.0 = Debug|Any CPU
		{7D3681EF-02BA-4F1E-908B-3243983085DE}.Release|Any CPU.ActiveCfg = Release|Any CPU
		{7D3681EF-02BA-4F1E-908B-3243983085DE}.Release|Any CPU.Build.0 = Release|Any CPU
	EndGlobalSection
	GlobalSection(SolutionProperties) = preSolution
		HideSolutionNode = FALSE
	EndGlobalSection
	GlobalSection(ExtensibilityGlobals) = postSolution
		SolutionGuid = {8BDF380B-9092-4320-B5EA-968040313D7E}
	EndGlobalSection
EndGlobal
